// !$*UTF8*$!
{
	archiveVersion = 1;
	classes = {
	};
	objectVersion = 50;
	objects = {

/* Begin PBXBuildFile section */
		5FB47F5D221ABA9A00EEABCF /* AppDelegate.swift in Sources */ = {isa = PBXBuildFile; fileRef = 5FB47F5C221ABA9A00EEABCF /* AppDelegate.swift */; };
		5FB47F5F221ABA9A00EEABCF /* ViewController.swift in Sources */ = {isa = PBXBuildFile; fileRef = 5FB47F5E221ABA9A00EEABCF /* ViewController.swift */; };
		5FB47F62221ABA9A00EEABCF /* Main.storyboard in Resources */ = {isa = PBXBuildFile; fileRef = 5FB47F60221ABA9A00EEABCF /* Main.storyboard */; };
		5FB47F64221ABAA000EEABCF /* Assets.xcassets in Resources */ = {isa = PBXBuildFile; fileRef = 5FB47F63221ABAA000EEABCF /* Assets.xcassets */; };
		5FB47F67221ABAA000EEABCF /* LaunchScreen.storyboard in Resources */ = {isa = PBXBuildFile; fileRef = 5FB47F65221ABAA000EEABCF /* LaunchScreen.storyboard */; };
/* End PBXBuildFile section */

/* Begin PBXFileReference section */
		5FB47F59221ABA9900EEABCF /* AlanaziA assignment5.app */ = {isa = PBXFileReference; explicitFileType = wrapper.application; includeInIndex = 0; path = "AlanaziA assignment5.app"; sourceTree = BUILT_PRODUCTS_DIR; };
		5FB47F5C221ABA9A00EEABCF /* AppDelegate.swift */ = {isa = PBXFileReference; lastKnownFileType = sourcecode.swift; path = AppDelegate.swift; sourceTree = "<group>"; };
		5FB47F5E221ABA9A00EEABCF /* ViewController.swift */ = {isa = PBXFileReference; lastKnownFileType = sourcecode.swift; path = ViewController.swift; sourceTree = "<group>"; };
		5FB47F61221ABA9A00EEABCF /* Base */ = {isa = PBXFileReference; lastKnownFileType = file.storyboard; name = Base; path = Base.lproj/Main.storyboard; sourceTree = "<group>"; };
		5FB47F63221ABAA000EEABCF /* Assets.xcassets */ = {isa = PBXFileReference; lastKnownFileType = folder.assetcatalog; path = Assets.xcassets; sourceTree = "<group>"; };
		5FB47F66221ABAA000EEABCF /* Base */ = {isa = PBXFileReference; lastKnownFileType = file.storyboard; name = Base; path = Base.lproj/LaunchScreen.storyboard; sourceTree = "<group>"; };
		5FB47F68221ABAA000EEABCF /* Info.plist */ = {isa = PBXFileReference; lastKnownFileType = text.plist.xml; path = Info.plist; sourceTree = "<group>"; };
/* End PBXFileReference section */

/* Begin PBXFrameworksBuildPhase section */
		5FB47F56221ABA9900EEABCF /* Frameworks */ = {
			isa = PBXFrameworksBuildPhase;
			buildActionMask = 2147483647;
			files = (
			);
			runOnlyForDeploymentPostprocessing = 0;
		};
/* End PBXFrameworksBuildPhase section */

/* Begin PBXGroup section */
		5FB47F50221ABA9900EEABCF = {
			isa = PBXGroup;
			children = (
				5FB47F5B221ABA9900EEABCF /* AlanaziA assignment5 */,
				5FB47F5A221ABA9900EEABCF /* Products */,
			);
			sourceTree = "<group>";
		};
		5FB47F5A221ABA9900EEABCF /* Products */ = {
			isa = PBXGroup;
			children = (
				5FB47F59221ABA9900EEABCF /* AlanaziA assignment5.app */,
			);
			name = Products;
			sourceTree = "<group>";
		};
		5FB47F5B221ABA9900EEABCF /* AlanaziA assignment5 */ = {
			isa = PBXGroup;
			children = (
				5FB47F5C221ABA9A00EEABCF /* AppDelegate.swift */,
				5FB47F5E221ABA9A00EEABCF /* ViewController.swift */,
				5FB47F60221ABA9A00EEABCF /* Main.storyboard */,
				5FB47F63221ABAA000EEABCF /* Assets.xcassets */,
				5FB47F65221ABAA000EEABCF /* LaunchScreen.storyboard */,
				5FB47F68221ABAA000EEABCF /* Info.plist */,
			);
			path = "AlanaziA assignment5";
			sourceTree = "<group>";
		};
/* End PBXGroup section */

/* Begin PBXNativeTarget section */
		5FB47F58221ABA9900EEABCF /* AlanaziA assignment5 */ = {
			isa = PBXNativeTarget;
			buildConfigurationList = 5FB47F6B221ABAA000EEABCF /* Build configuration list for PBXNativeTarget "AlanaziA assignment5" */;
			buildPhases = (
				5FB47F55221ABA9900EEABCF /* Sources */,
				5FB47F56221ABA9900EEABCF /* Frameworks */,
				5FB47F57221ABA9900EEABCF /* Resources */,
			);
			buildRules = (
			);
			dependencies = (
			);
			name = "AlanaziA assignment5";
			productName = "AlanaziA assignment5";
			productReference = 5FB47F59221ABA9900EEABCF /* AlanaziA assignment5.app */;
			productType = "com.apple.product-type.application";
		};
/* End PBXNativeTarget section */

/* Begin PBXProject section */
		5FB47F51221ABA9900EEABCF /* Project object */ = {
			isa = PBXProject;
			attributes = {
				LastSwiftUpdateCheck = 1010;
				LastUpgradeCheck = 1010;
				ORGANIZATIONNAME = "abdulrahman alanazi";
				TargetAttributes = {
					5FB47F58221ABA9900EEABCF = {
						CreatedOnToolsVersion = 10.1;
					};
				};
			};
			buildConfigurationList = 5FB47F54221ABA9900EEABCF /* Build configuration list for PBXProject "AlanaziA assignment5" */;
			compatibilityVersion = "Xcode 9.3";
			developmentRegion = en;
			hasScannedForEncodings = 0;
			knownRegions = (
				en,
				Base,
			);
			mainGroup = 5FB47F50221ABA9900EEABCF;
			productRefGroup = 5FB47F5A221ABA9900EEABCF /* Products */;
			projectDirPath = "";
			projectRoot = "";
			targets = (
				5FB47F58221ABA9900EEABCF /* AlanaziA assignment5 */,
			);
		};
/* End PBXProject section */

/* Begin PBXResourcesBuildPhase section */
		5FB47F57221ABA9900EEABCF /* Resources */ = {
			isa = PBXResourcesBuildPhase;
			buildActionMask = 2147483647;
			files = (
				5FB47F67221ABAA000EEABCF /* LaunchScreen.storyboard in Resources */,
				5FB47F64221ABAA000EEABCF /* Assets.xcassets in Resources */,
				5FB47F62221ABA9A00EEABCF /* Main.storyboard in Resources */,
			);
			runOnlyForDeploymentPostprocessing = 0;
		};
/* End PBXResourcesBuildPhase section */

/* Begin PBXSourcesBuildPhase section */
		5FB47F55221ABA9900EEABCF /* Sources */ = {
			isa = PBXSourcesBuildPhase;
			buildActionMask = 2147483647;
			files = (
				5FB47F5F221ABA9A00EEABCF /* ViewController.swift in Sources */,
				5FB47F5D221ABA9A00EEABCF /* AppDelegate.swift in Sources */,
			);
			runOnlyForDeploymentPostprocessing = 0;
		};
/* End PBXSourcesBuildPhase section */

/* Begin PBXVariantGroup section */
		5FB47F60221ABA9A00EEABCF /* Main.storyboard */ = {
			isa = PBXVariantGroup;
			children = (
				5FB47F61221ABA9A00EEABCF /* Base */,
			);
			name = Main.storyboard;
			sourceTree = "<group>";
		};
		5FB47F65221ABAA000EEABCF /* LaunchScreen.storyboard */ = {
			isa = PBXVariantGroup;
			children = (
				5FB47F66221ABAA000EEABCF /* Base */,
			);
			name = LaunchScreen.storyboard;
			sourceTree = "<group>";
		};
/* End PBXVariantGroup section */

/* Begin XCBuildConfiguration section */
		5FB47F69221ABAA000EEABCF /* Debug */ = {
			isa = XCBuildConfiguration;
			buildSettings = {
				ALWAYS_SEARCH_USER_PATHS = NO;
				CLANG_ANALYZER_NONNULL = YES;
				CLANG_ANALYZER_NUMBER_OBJECT_CONVERSION = YES_AGGRESSIVE;
				CLANG_CXX_LANGUAGE_STANDARD = "gnu++14";
				CLANG_CXX_LIBRARY = "libc++";
				CLANG_ENABLE_MODULES = YES;
				CLANG_ENABLE_OBJC_ARC = YES;
				CLANG_ENABLE_OBJC_WEAK = YES;
				CLANG_WARN_BLOCK_CAPTURE_AUTORELEASING = YES;
				CLANG_WARN_BOOL_CONVERSION = YES;
				CLANG_WARN_COMMA = YES;
				CLANG_WARN_CONSTANT_CONVERSION = YES;
				CLANG_WARN_DEPRECATED_OBJC_IMPLEMENTATIONS = YES;
				CLANG_WARN_DIRECT_OBJC_ISA_USAGE = YES_ERROR;
				CLANG_WARN_DOCUMENTATION_COMMENTS = YES;
				CLANG_WARN_EMPTY_BODY = YES;
				CLANG_WARN_ENUM_CONVERSION = YES;
				CLANG_WARN_INFINITE_RECURSION = YES;
				CLANG_WARN_INT_CONVERSION = YES;
				CLANG_WARN_NON_LITERAL_NULL_CONVERSION = YES;
				CLANG_WARN_OBJC_IMPLICIT_RETAIN_SELF = YES;
				CLANG_WARN_OBJC_LITERAL_CONVERSION = YES;
				CLANG_WARN_OBJC_ROOT_CLASS = YES_ERROR;
				CLANG_WARN_RANGE_LOOP_ANALYSIS = YES;
				CLANG_WARN_STRICT_PROTOTYPES = YES;
				CLANG_WARN_SUSPICIOUS_MOVE = YES;
				CLANG_WARN_UNGUARDED_AVAILABILITY = YES_AGGRESSIVE;
				CLANG_WARN_UNREACHABLE_CODE = YES;
				CLANG_WARN__DUPLICATE_METHOD_MATCH = YES;
				CODE_SIGN_IDENTITY = "iPhone Developer";
				COPY_PHASE_STRIP = NO;
				DEBUG_INFORMATION_FORMAT = dwarf;
				ENABLE_STRICT_OBJC_MSGSEND = YES;
				ENABLE_TESTABILITY = YES;
				GCC_C_LANGUAGE_STANDARD = gnu11;
				GCC_DYNAMIC_NO_PIC = NO;
				GCC_NO_COMMON_BLOCKS = YES;
				GCC_OPTIMIZATION_LEVEL = 0;
				GCC_PREPROCESSOR_DEFINITIONS = (
					"DEBUG=1",
					"$(inherited)",
				);
				GCC_WARN_64_TO_32_BIT_CONVERSION = YES;
				GCC_WARN_ABOUT_RETURN_TYPE = YES_ERROR;
				GCC_WARN_UNDECLARED_SELECTOR = YES;
				GCC_WARN_UNINITIALIZED_AUTOS = YES_AGGRESSIVE;
				GCC_WARN_UNUSED_FUNCTION = YES;
				GCC_WARN_UNUSED_VARIABLE = YES;
				IPHONEOS_DEPLOYMENT_TARGET = 12.1;
				MTL_ENABLE_DEBUG_INFO = INCLUDE_SOURCE;
				MTL_FAST_MATH = YES;
				ONLY_ACTIVE_ARCH = YES;
				SDKROOT = iphoneos;
				SWIFT_ACTIVE_COMPILATION_CONDITIONS = DEBUG;
				SWIFT_OPTIMIZATION_LEVEL = "-Onone";
			};
			name = Debug;
		};
		5FB47F6A221ABAA000EEABCF /* Release */ = {
			isa = XCBuildConfiguration;
			buildSettings = {
				ALWAYS_SEARCH_USER_PATHS = NO;
				CLANG_ANALYZER_NONNULL = YES;
				CLANG_ANALYZER_NUMBER_OBJECT_CONVERSION = YES_AGGRESSIVE;
				CLANG_CXX_LANGUAGE_STANDARD = "gnu++14";
				CLANG_CXX_LIBRARY = "libc++";
				CLANG_ENABLE_MODULES = YES;
				CLANG_ENABLE_OBJC_ARC = YES;
				CLANG_ENABLE_OBJC_WEAK = YES;
				CLANG_WARN_BLOCK_CAPTURE_AUTORELEASING = YES;
				CLANG_WARN_BOOL_CONVERSION = YES;
				CLANG_WARN_COMMA = YES;
				CLANG_WARN_CONSTANT_CONVERSION = YES;
				CLANG_WARN_DEPRECATED_OBJC_IMPLEMENTATIONS = YES;
				CLANG_WARN_DIRECT_OBJC_ISA_USAGE = YES_ERROR;
				CLANG_WARN_DOCUMENTATION_COMMENTS = YES;
				CLANG_WARN_EMPTY_BODY = YES;
				CLANG_WARN_ENUM_CONVERSION = YES;
				CLANG_WARN_INFINITE_RECURSION = YES;
				CLANG_WARN_INT_CONVERSION = YES;
				CLANG_WARN_NON_LITERAL_NULL_CONVERSION = YES;
				CLANG_WARN_OBJC_IMPLICIT_RETAIN_SELF = YES;
				CLANG_WARN_OBJC_LITERAL_CONVERSION = YES;
				CLANG_WARN_OBJC_ROOT_CLASS = YES_ERROR;
				CLANG_WARN_RANGE_LOOP_ANALYSIS = YES;
				CLANG_WARN_STRICT_PROTOTYPES = YES;
				CLANG_WARN_SUSPICIOUS_MOVE = YES;
				CLANG_WARN_UNGUARDED_AVAILABILITY = YES_AGGRESSIVE;
				CLANG_WARN_UNREACHABLE_CODE = YES;
				CLANG_WARN__DUPLICATE_METHOD_MATCH = YES;
				CODE_SIGN_IDENTITY = "iPhone Developer";
				COPY_PHASE_STRIP = NO;
				DEBUG_INFORMATION_FORMAT = "dwarf-with-dsym";
				ENABLE_NS_ASSERTIONS = NO;
				ENABLE_STRICT_OBJC_MSGSEND = YES;
				GCC_C_LANGUAGE_STANDARD = gnu11;
				GCC_NO_COMMON_BLOCKS = YES;
				GCC_WARN_64_TO_32_BIT_CONVERSION = YES;
				GCC_WARN_ABOUT_RETURN_TYPE = YES_ERROR;
				GCC_WARN_UNDECLARED_SELECTOR = YES;
				GCC_WARN_UNINITIALIZED_AUTOS = YES_AGGRESSIVE;
				GCC_WARN_UNUSED_FUNCTION = YES;
				GCC_WARN_UNUSED_VARIABLE = YES;
				IPHONEOS_DEPLOYMENT_TARGET = 12.1;
				MTL_ENABLE_DEBUG_INFO = NO;
				MTL_FAST_MATH = YES;
				SDKROOT = iphoneos;
				SWIFT_COMPILATION_MODE = wholemodule;
				SWIFT_OPTIMIZATION_LEVEL = "-O";
				VALIDATE_PRODUCT = YES;
			};
			name = Release;
		};
		5FB47F6C221ABAA000EEABCF /* Debug */ = {
			isa = XCBuildConfiguration;
			buildSettings = {
				ASSETCATALOG_COMPILER_APPICON_NAME = AppIcon;
				CODE_SIGN_STYLE = Automatic;
				DEVELOPMENT_TEAM = MQ79U7S5FQ;
				INFOPLIST_FILE = "AlanaziA assignment5/Info.plist";
				LD_RUNPATH_SEARCH_PATHS = (
					"$(inherited)",
					"@executable_path/Frameworks",
				);
				PRODUCT_BUNDLE_IDENTIFIER = "edu.depaul.AlanaziA-assignment5";
				PRODUCT_NAME = "$(TARGET_NAME)";
				SWIFT_VERSION = 4.2;
				TARGETED_DEVICE_FAMILY = "1,2";
			};
			name = Debug;
		};
		5FB47F6D221ABAA000EEABCF /* Release */ = {
			isa = XCBuildConfiguration;
			buildSettings = {
				ASSETCATALOG_COMPILER_APPICON_NAME = AppIcon;
				CODE_SIGN_STYLE = Automatic;
				DEVELOPMENT_TEAM = MQ79U7S5FQ;
				INFOPLIST_FILE = "AlanaziA assignment5/Info.plist";
				LD_RUNPATH_SEARCH_PATHS = (
					"$(inherited)",
					"@executable_path/Frameworks",
				);
				PRODUCT_BUNDLE_IDENTIFIER = "edu.depaul.AlanaziA-assignment5";
				PRODUCT_NAME = "$(TARGET_NAME)";
				SWIFT_VERSION = 4.2;
				TARGETED_DEVICE_FAMILY = "1,2";
			};
			name = Release;
		};
/* End XCBuildConfiguration section */

/* Begin XCConfigurationList section */
		5FB47F54221ABA9900EEABCF /* Build configuration list for PBXProject "AlanaziA assignment5" */ = {
			isa = XCConfigurationList;
			buildConfigurations = (
				5FB47F69221ABAA000EEABCF /* Debug */,
				5FB47F6A221ABAA000EEABCF /* Release */,
			);
			defaultConfigurationIsVisible = 0;
			defaultConfigurationName = Release;
		};
		5FB47F6B221ABAA000EEABCF /* Build configuration list for PBXNativeTarget "AlanaziA assignment5" */ = {
			isa = XCConfigurationList;
			buildConfigurations = (
				5FB47F6C221ABAA000EEABCF /* Debug */,
				5FB47F6D221ABAA000EEABCF /* Release */,
			);
			defaultConfigurationIsVisible = 0;
			defaultConfigurationName = Release;
		};
/* End XCConfigurationList section */
	};
	rootObject = 5FB47F51221ABA9900EEABCF /* Project object */;
}
